// !$*UTF8*$!
{
	archiveVersion = 1;
	classes = {
	};
	objectVersion = 46;
	objects = {

/* Begin PBXBuildFile section */
		330F7BF61ED333F00009280A /* AppDelegate.m in Sources */ = {isa = PBXBuildFile; fileRef = 330F7BDA1ED333F00009280A /* AppDelegate.m */; };
		330F7C001ED333F00009280A /* main.m in Sources */ = {isa = PBXBuildFile; fileRef = 330F7BF51ED333F00009280A /* main.m */; };
		330F7C021ED334380009280A /* Assets.xcassets in Resources */ = {isa = PBXBuildFile; fileRef = 330F7C011ED334380009280A /* Assets.xcassets */; };
		330F7C0D1ED349AB0009280A /* UIView+Helper.m in Sources */ = {isa = PBXBuildFile; fileRef = 330F7C0B1ED349AB0009280A /* UIView+Helper.m */; };
		33144EF61EF05059006D27AC /* UIUtils.mm in Sources */ = {isa = PBXBuildFile; fileRef = 33144EEA1EF05059006D27AC /* UIUtils.mm */; };
		33144EF91EF05218006D27AC /* NSString+Size.m in Sources */ = {isa = PBXBuildFile; fileRef = 33144EF81EF05218006D27AC /* NSString+Size.m */; };
		334E25251FF8C2D4001B2704 /* AppSystem.mm in Sources */ = {isa = PBXBuildFile; fileRef = 334E25241FF8C2D4001B2704 /* AppSystem.mm */; };
		335FC7B31FC1F3620004FC53 /* SafeAreaVC.m in Sources */ = {isa = PBXBuildFile; fileRef = 335FC7B21FC1F3620004FC53 /* SafeAreaVC.m */; };
		337EEC291EDC3F2C00EDC166 /* NSObject+DLIntrospection.m in Sources */ = {isa = PBXBuildFile; fileRef = 337EEC281EDC3F2C00EDC166 /* NSObject+DLIntrospection.m */; };
		33A2B9DE1FEF64A800AE7FC5 /* PlaygroundVC.m in Sources */ = {isa = PBXBuildFile; fileRef = 33A2B9DC1FEF64A800AE7FC5 /* PlaygroundVC.m */; };
		33A2B9DF1FEF64A800AE7FC5 /* PlaygroundVC.xib in Resources */ = {isa = PBXBuildFile; fileRef = 33A2B9DD1FEF64A800AE7FC5 /* PlaygroundVC.xib */; };
		33A2B9E31FEF668900AE7FC5 /* LifeCycleVC.m in Sources */ = {isa = PBXBuildFile; fileRef = 33A2B9E11FEF668900AE7FC5 /* LifeCycleVC.m */; };
		33A2B9E41FEF668900AE7FC5 /* LifeCycleVC.xib in Resources */ = {isa = PBXBuildFile; fileRef = 33A2B9E21FEF668900AE7FC5 /* LifeCycleVC.xib */; };
		33A2B9E81FEF702600AE7FC5 /* CustomView.m in Sources */ = {isa = PBXBuildFile; fileRef = 33A2B9E71FEF702600AE7FC5 /* CustomView.m */; };
		33A2B9EA1FEF704000AE7FC5 /* CustomView.xib in Resources */ = {isa = PBXBuildFile; fileRef = 33A2B9E91FEF704000AE7FC5 /* CustomView.xib */; };
		33B906C31FF8F05E00921439 /* StackViewVC.m in Sources */ = {isa = PBXBuildFile; fileRef = 33B906C21FF8F05E00921439 /* StackViewVC.m */; };
		33B906C81FF924A100921439 /* SmartLabelTestVC.m in Sources */ = {isa = PBXBuildFile; fileRef = 33B906C61FF924A100921439 /* SmartLabelTestVC.m */; };
		33B906C91FF924A100921439 /* SmartLabelTestVC.xib in Resources */ = {isa = PBXBuildFile; fileRef = 33B906C71FF924A100921439 /* SmartLabelTestVC.xib */; };
		33B906CC1FF9255C00921439 /* SmartLabel.m in Sources */ = {isa = PBXBuildFile; fileRef = 33B906CB1FF9255C00921439 /* SmartLabel.m */; };
		B50394D81EEE71E00016FA97 /* HomePageVC.m in Sources */ = {isa = PBXBuildFile; fileRef = B50394D61EEE71E00016FA97 /* HomePageVC.m */; };
		B50394D91EEE71E00016FA97 /* HomePageVC.xib in Resources */ = {isa = PBXBuildFile; fileRef = B50394D71EEE71E00016FA97 /* HomePageVC.xib */; };
		B51F58181FC326BC00D91A49 /* MJRefresh.bundle in Resources */ = {isa = PBXBuildFile; fileRef = B51F58081FC326BC00D91A49 /* MJRefresh.bundle */; };
		B51F58191FC326BC00D91A49 /* MJRefreshBaseView.m in Sources */ = {isa = PBXBuildFile; fileRef = B51F580B1FC326BC00D91A49 /* MJRefreshBaseView.m */; };
		B51F581A1FC326BC00D91A49 /* MJRefreshConst.m in Sources */ = {isa = PBXBuildFile; fileRef = B51F580D1FC326BC00D91A49 /* MJRefreshConst.m */; };
		B51F581B1FC326BC00D91A49 /* MJRefreshFooterView.m in Sources */ = {isa = PBXBuildFile; fileRef = B51F580F1FC326BC00D91A49 /* MJRefreshFooterView.m */; };
		B51F581C1FC326BC00D91A49 /* MJRefreshHeaderView.m in Sources */ = {isa = PBXBuildFile; fileRef = B51F58111FC326BC00D91A49 /* MJRefreshHeaderView.m */; };
		B51F581D1FC326BC00D91A49 /* UIScrollView+Extension.m in Sources */ = {isa = PBXBuildFile; fileRef = B51F58131FC326BC00D91A49 /* UIScrollView+Extension.m */; };
		B51F581E1FC326BC00D91A49 /* UIScrollView+MJRefresh.m in Sources */ = {isa = PBXBuildFile; fileRef = B51F58151FC326BC00D91A49 /* UIScrollView+MJRefresh.m */; };
		B51F581F1FC326BC00D91A49 /* UIView+Extension.m in Sources */ = {isa = PBXBuildFile; fileRef = B51F58171FC326BC00D91A49 /* UIView+Extension.m */; };
		B54BC78C1F7B88C000C28D16 /* Demo11_3VC.m in Sources */ = {isa = PBXBuildFile; fileRef = B54BC7891F7B88BF00C28D16 /* Demo11_3VC.m */; };
		B54BC78D1F7B88C000C28D16 /* Demo11_3VC.xib in Resources */ = {isa = PBXBuildFile; fileRef = B54BC78A1F7B88BF00C28D16 /* Demo11_3VC.xib */; };
		B56DDC711EF0D36A00997B06 /* BNTabBarController.m in Sources */ = {isa = PBXBuildFile; fileRef = B56DDC701EF0D36A00997B06 /* BNTabBarController.m */; };
		B56DDCCA1EF0D5BD00997B06 /* AbsoluteLayoutVC.m in Sources */ = {isa = PBXBuildFile; fileRef = B56DDC741EF0D5BD00997B06 /* AbsoluteLayoutVC.m */; };
		B56DDCCB1EF0D5BD00997B06 /* AbsoluteLayoutVC.xib in Resources */ = {isa = PBXBuildFile; fileRef = B56DDC751EF0D5BD00997B06 /* AbsoluteLayoutVC.xib */; };
		B56DDCCC1EF0D5BD00997B06 /* AutoLayoutVC.m in Sources */ = {isa = PBXBuildFile; fileRef = B56DDC781EF0D5BD00997B06 /* AutoLayoutVC.m */; };
		B56DDCCD1EF0D5BD00997B06 /* AutoLayoutVC.xib in Resources */ = {isa = PBXBuildFile; fileRef = B56DDC791EF0D5BD00997B06 /* AutoLayoutVC.xib */; };
		B56DDCCE1EF0D5BD00997B06 /* AutoresizingMaskVC.m in Sources */ = {isa = PBXBuildFile; fileRef = B56DDC7C1EF0D5BD00997B06 /* AutoresizingMaskVC.m */; };
		B56DDCCF1EF0D5BD00997B06 /* AutoresizingMaskVC.xib in Resources */ = {isa = PBXBuildFile; fileRef = B56DDC7D1EF0D5BD00997B06 /* AutoresizingMaskVC.xib */; };
		B56DDCFB1EF0D5F900997B06 /* BNNavigationController.m in Sources */ = {isa = PBXBuildFile; fileRef = B56DDCFA1EF0D5F900997B06 /* BNNavigationController.m */; };
		B56DDD011EF0DB1D00997B06 /* IntrinsicContentSizeVC.m in Sources */ = {isa = PBXBuildFile; fileRef = B56DDCFF1EF0DB1D00997B06 /* IntrinsicContentSizeVC.m */; };
		B56DDD021EF0DB1D00997B06 /* IntrinsicContentSizeVC.xib in Resources */ = {isa = PBXBuildFile; fileRef = B56DDD001EF0DB1D00997B06 /* IntrinsicContentSizeVC.xib */; };
		B56DDD071EF0DC1C00997B06 /* GalleryVC.m in Sources */ = {isa = PBXBuildFile; fileRef = B56DDD051EF0DC1C00997B06 /* GalleryVC.m */; };
		B56DDD081EF0DC1C00997B06 /* GalleryVC.xib in Resources */ = {isa = PBXBuildFile; fileRef = B56DDD061EF0DC1C00997B06 /* GalleryVC.xib */; };
		B56DDD0D1EF0DD0100997B06 /* AutoLayoutAPIVC.m in Sources */ = {isa = PBXBuildFile; fileRef = B56DDD0C1EF0DD0100997B06 /* AutoLayoutAPIVC.m */; };
		B56DDD121EF0DD8600997B06 /* ModifyConstraintVC.m in Sources */ = {isa = PBXBuildFile; fileRef = B56DDD101EF0DD8600997B06 /* ModifyConstraintVC.m */; };
		B56DDD131EF0DD8600997B06 /* ModifyConstraintVC.xib in Resources */ = {isa = PBXBuildFile; fileRef = B56DDD111EF0DD8600997B06 /* ModifyConstraintVC.xib */; };
		B56DDD181EF0DE4400997B06 /* ScrollViewAutoLayoutVC.m in Sources */ = {isa = PBXBuildFile; fileRef = B56DDD161EF0DE4400997B06 /* ScrollViewAutoLayoutVC.m */; };
		B56DDD191EF0DE4400997B06 /* ScrollViewAutoLayoutVC.xib in Resources */ = {isa = PBXBuildFile; fileRef = B56DDD171EF0DE4400997B06 /* ScrollViewAutoLayoutVC.xib */; };
		B56DDD1E1EF0DEB700997B06 /* SizeClassesVC.m in Sources */ = {isa = PBXBuildFile; fileRef = B56DDD1C1EF0DEB700997B06 /* SizeClassesVC.m */; };
		B56DDD1F1EF0DEB700997B06 /* SizeClassesVC.xib in Resources */ = {isa = PBXBuildFile; fileRef = B56DDD1D1EF0DEB700997B06 /* SizeClassesVC.xib */; };
		B56DDD251EF0E15900997B06 /* StandardAutoLayoutVC.m in Sources */ = {isa = PBXBuildFile; fileRef = B56DDD231EF0E15900997B06 /* StandardAutoLayoutVC.m */; };
		B56DDD261EF0E15900997B06 /* StandardAutoLayoutVC.xib in Resources */ = {isa = PBXBuildFile; fileRef = B56DDD241EF0E15900997B06 /* StandardAutoLayoutVC.xib */; };
		B56DDD2D1EF0E1A600997B06 /* CustomiseDemoView.m in Sources */ = {isa = PBXBuildFile; fileRef = B56DDD291EF0E1A600997B06 /* CustomiseDemoView.m */; };
		B56DDD2E1EF0E1A600997B06 /* StandardAutoLayoutViewVC.m in Sources */ = {isa = PBXBuildFile; fileRef = B56DDD2B1EF0E1A600997B06 /* StandardAutoLayoutViewVC.m */; };
		B56DDD2F1EF0E1A600997B06 /* StandardAutoLayoutViewVC.xib in Resources */ = {isa = PBXBuildFile; fileRef = B56DDD2C1EF0E1A600997B06 /* StandardAutoLayoutViewVC.xib */; };
		B56DDD341EF0E25D00997B06 /* MixLayoutVC.m in Sources */ = {isa = PBXBuildFile; fileRef = B56DDD321EF0E25D00997B06 /* MixLayoutVC.m */; };
		B56DDD351EF0E25D00997B06 /* MixLayoutVC.xib in Resources */ = {isa = PBXBuildFile; fileRef = B56DDD331EF0E25D00997B06 /* MixLayoutVC.xib */; };
		B56DDD561EF0E2D000997B06 /* AutoLayoutLabelCell.m in Sources */ = {isa = PBXBuildFile; fileRef = B56DDD391EF0E2D000997B06 /* AutoLayoutLabelCell.m */; };
		B56DDD571EF0E2D000997B06 /* AutoLayoutLabelCell.xib in Resources */ = {isa = PBXBuildFile; fileRef = B56DDD3A1EF0E2D000997B06 /* AutoLayoutLabelCell.xib */; };
		B56DDD581EF0E2D000997B06 /* AutoLayoutLabelCellVC.m in Sources */ = {isa = PBXBuildFile; fileRef = B56DDD3C1EF0E2D000997B06 /* AutoLayoutLabelCellVC.m */; };
		B56DDD591EF0E2D000997B06 /* AutoLayoutLabelCellVC.xib in Resources */ = {isa = PBXBuildFile; fileRef = B56DDD3D1EF0E2D000997B06 /* AutoLayoutLabelCellVC.xib */; };
		B56DDD5A1EF0E2D000997B06 /* AutoLayoutTextViewCell.m in Sources */ = {isa = PBXBuildFile; fileRef = B56DDD401EF0E2D000997B06 /* AutoLayoutTextViewCell.m */; };
		B56DDD5B1EF0E2D000997B06 /* AutoLayoutTextViewCell.xib in Resources */ = {isa = PBXBuildFile; fileRef = B56DDD411EF0E2D000997B06 /* AutoLayoutTextViewCell.xib */; };
		B56DDD5C1EF0E2D000997B06 /* AutoLayoutTextViewCellVC.m in Sources */ = {isa = PBXBuildFile; fileRef = B56DDD431EF0E2D000997B06 /* AutoLayoutTextViewCellVC.m */; };
		B56DDD5D1EF0E2D000997B06 /* AutoLayoutTextViewCellVC.xib in Resources */ = {isa = PBXBuildFile; fileRef = B56DDD441EF0E2D000997B06 /* AutoLayoutTextViewCellVC.xib */; };
		B56DDD5E1EF0E2D000997B06 /* CellHeightCalcVC.m in Sources */ = {isa = PBXBuildFile; fileRef = B56DDD461EF0E2D000997B06 /* CellHeightCalcVC.m */; };
		B56DDD5F1EF0E2D000997B06 /* CellHeightCalcVC.xib in Resources */ = {isa = PBXBuildFile; fileRef = B56DDD471EF0E2D000997B06 /* CellHeightCalcVC.xib */; };
		B56DDD601EF0E2D000997B06 /* ManualLayoutLabelCell.m in Sources */ = {isa = PBXBuildFile; fileRef = B56DDD4A1EF0E2D000997B06 /* ManualLayoutLabelCell.m */; };
		B56DDD611EF0E2D000997B06 /* ManualLayoutLabelCell.xib in Resources */ = {isa = PBXBuildFile; fileRef = B56DDD4B1EF0E2D000997B06 /* ManualLayoutLabelCell.xib */; };
		B56DDD621EF0E2D000997B06 /* ManualLayoutLabelCellVC.m in Sources */ = {isa = PBXBuildFile; fileRef = B56DDD4D1EF0E2D000997B06 /* ManualLayoutLabelCellVC.m */; };
		B56DDD631EF0E2D000997B06 /* ManualLayoutLabelCellVC.xib in Resources */ = {isa = PBXBuildFile; fileRef = B56DDD4E1EF0E2D000997B06 /* ManualLayoutLabelCellVC.xib */; };
		B56DDD641EF0E2D000997B06 /* ManualLayoutTextViewCell.m in Sources */ = {isa = PBXBuildFile; fileRef = B56DDD511EF0E2D000997B06 /* ManualLayoutTextViewCell.m */; };
		B56DDD651EF0E2D000997B06 /* ManualLayoutTextViewCell.xib in Resources */ = {isa = PBXBuildFile; fileRef = B56DDD521EF0E2D000997B06 /* ManualLayoutTextViewCell.xib */; };
		B56DDD661EF0E2D000997B06 /* ManualLayoutTextViewCellVC.m in Sources */ = {isa = PBXBuildFile; fileRef = B56DDD541EF0E2D000997B06 /* ManualLayoutTextViewCellVC.m */; };
		B56DDD671EF0E2D000997B06 /* ManualLayoutTextViewCellVC.xib in Resources */ = {isa = PBXBuildFile; fileRef = B56DDD551EF0E2D000997B06 /* ManualLayoutTextViewCellVC.xib */; };
		B56DDD6F1EF0E33A00997B06 /* Demo11_1VC.m in Sources */ = {isa = PBXBuildFile; fileRef = B56DDD6A1EF0E33A00997B06 /* Demo11_1VC.m */; };
		B56DDD701EF0E33A00997B06 /* Demo11_1VC.xib in Resources */ = {isa = PBXBuildFile; fileRef = B56DDD6B1EF0E33A00997B06 /* Demo11_1VC.xib */; };
		B56DDD711EF0E33A00997B06 /* Demo11_2VC.m in Sources */ = {isa = PBXBuildFile; fileRef = B56DDD6D1EF0E33A00997B06 /* Demo11_2VC.m */; };
		B56DDD721EF0E33A00997B06 /* Demo11_2VC.xib in Resources */ = {isa = PBXBuildFile; fileRef = B56DDD6E1EF0E33A00997B06 /* Demo11_2VC.xib */; };
		F04A0E1CF6EC69717D56BA71 /* libPods-TestTemplateProject.a in Frameworks */ = {isa = PBXBuildFile; fileRef = 95F775B288BD4C5983843D79 /* libPods-TestTemplateProject.a */; };
/* End PBXBuildFile section */

/* Begin PBXFileReference section */
		02C1A1C1B73A8726E4DDD40D /* Pods-TestTemplateProject.release.xcconfig */ = {isa = PBXFileReference; includeInIndex = 1; lastKnownFileType = text.xcconfig; name = "Pods-TestTemplateProject.release.xcconfig"; path = "Pods/Target Support Files/Pods-TestTemplateProject/Pods-TestTemplateProject.release.xcconfig"; sourceTree = "<group>"; };
		330F7BBD1ED3321F0009280A /* TestTemplateProject.app */ = {isa = PBXFileReference; explicitFileType = wrapper.application; includeInIndex = 0; path = TestTemplateProject.app; sourceTree = BUILT_PRODUCTS_DIR; };
		330F7BD91ED333F00009280A /* AppDelegate.h */ = {isa = PBXFileReference; fileEncoding = 4; lastKnownFileType = sourcecode.c.h; path = AppDelegate.h; sourceTree = "<group>"; };
		330F7BDA1ED333F00009280A /* AppDelegate.m */ = {isa = PBXFileReference; fileEncoding = 4; lastKnownFileType = sourcecode.c.objc; path = AppDelegate.m; sourceTree = "<group>"; };
		330F7BF41ED333F00009280A /* Info.plist */ = {isa = PBXFileReference; fileEncoding = 4; lastKnownFileType = text.plist.xml; path = Info.plist; sourceTree = "<group>"; };
		330F7BF51ED333F00009280A /* main.m */ = {isa = PBXFileReference; fileEncoding = 4; lastKnownFileType = sourcecode.c.objc; path = main.m; sourceTree = "<group>"; };
		330F7C011ED334380009280A /* Assets.xcassets */ = {isa = PBXFileReference; lastKnownFileType = folder.assetcatalog; path = Assets.xcassets; sourceTree = "<group>"; };
		330F7C0A1ED349AB0009280A /* UIView+Helper.h */ = {isa = PBXFileReference; fileEncoding = 4; lastKnownFileType = sourcecode.c.h; path = "UIView+Helper.h"; sourceTree = "<group>"; };
		330F7C0B1ED349AB0009280A /* UIView+Helper.m */ = {isa = PBXFileReference; fileEncoding = 4; lastKnownFileType = sourcecode.c.objc; path = "UIView+Helper.m"; sourceTree = "<group>"; };
		330F7ECC1ED352250009280A /* PrefixHeader.pch */ = {isa = PBXFileReference; lastKnownFileType = sourcecode.c.h; path = PrefixHeader.pch; sourceTree = "<group>"; };
		33144ED11EF04F1D006D27AC /* commonConstDef.h */ = {isa = PBXFileReference; fileEncoding = 4; lastKnownFileType = sourcecode.c.h; path = commonConstDef.h; sourceTree = "<group>"; };
		33144ED21EF04F1D006D27AC /* macrodef.h */ = {isa = PBXFileReference; fileEncoding = 4; lastKnownFileType = sourcecode.c.h; path = macrodef.h; sourceTree = "<group>"; };
		33144ED31EF04F1D006D27AC /* typedef.h */ = {isa = PBXFileReference; fileEncoding = 4; lastKnownFileType = sourcecode.c.h; path = typedef.h; sourceTree = "<group>"; };
		33144EE91EF05059006D27AC /* UIUtils.h */ = {isa = PBXFileReference; fileEncoding = 4; lastKnownFileType = sourcecode.c.h; path = UIUtils.h; sourceTree = "<group>"; };
		33144EEA1EF05059006D27AC /* UIUtils.mm */ = {isa = PBXFileReference; fileEncoding = 4; lastKnownFileType = sourcecode.cpp.objcpp; path = UIUtils.mm; sourceTree = "<group>"; };
		33144EEB1EF05059006D27AC /* Utility.h */ = {isa = PBXFileReference; fileEncoding = 4; lastKnownFileType = sourcecode.c.h; path = Utility.h; sourceTree = "<group>"; };
		33144EF71EF05218006D27AC /* NSString+Size.h */ = {isa = PBXFileReference; fileEncoding = 4; lastKnownFileType = sourcecode.c.h; path = "NSString+Size.h"; sourceTree = "<group>"; };
		33144EF81EF05218006D27AC /* NSString+Size.m */ = {isa = PBXFileReference; fileEncoding = 4; lastKnownFileType = sourcecode.c.objc; path = "NSString+Size.m"; sourceTree = "<group>"; };
		334E25231FF8C2D4001B2704 /* AppSystem.h */ = {isa = PBXFileReference; fileEncoding = 4; lastKnownFileType = sourcecode.c.h; path = AppSystem.h; sourceTree = "<group>"; };
		334E25241FF8C2D4001B2704 /* AppSystem.mm */ = {isa = PBXFileReference; fileEncoding = 4; lastKnownFileType = sourcecode.cpp.objcpp; path = AppSystem.mm; sourceTree = "<group>"; };
		335FC7B11FC1F3620004FC53 /* SafeAreaVC.h */ = {isa = PBXFileReference; lastKnownFileType = sourcecode.c.h; path = SafeAreaVC.h; sourceTree = "<group>"; };
		335FC7B21FC1F3620004FC53 /* SafeAreaVC.m */ = {isa = PBXFileReference; lastKnownFileType = sourcecode.c.objc; path = SafeAreaVC.m; sourceTree = "<group>"; };
		337EEC271EDC3F2C00EDC166 /* NSObject+DLIntrospection.h */ = {isa = PBXFileReference; fileEncoding = 4; lastKnownFileType = sourcecode.c.h; path = "NSObject+DLIntrospection.h"; sourceTree = "<group>"; };
		337EEC281EDC3F2C00EDC166 /* NSObject+DLIntrospection.m */ = {isa = PBXFileReference; fileEncoding = 4; lastKnownFileType = sourcecode.c.objc; path = "NSObject+DLIntrospection.m"; sourceTree = "<group>"; };
		33A2B9DB1FEF64A800AE7FC5 /* PlaygroundVC.h */ = {isa = PBXFileReference; fileEncoding = 4; lastKnownFileType = sourcecode.c.h; path = PlaygroundVC.h; sourceTree = "<group>"; };
		33A2B9DC1FEF64A800AE7FC5 /* PlaygroundVC.m */ = {isa = PBXFileReference; fileEncoding = 4; lastKnownFileType = sourcecode.c.objc; path = PlaygroundVC.m; sourceTree = "<group>"; };
		33A2B9DD1FEF64A800AE7FC5 /* PlaygroundVC.xib */ = {isa = PBXFileReference; fileEncoding = 4; lastKnownFileType = file.xib; path = PlaygroundVC.xib; sourceTree = "<group>"; };
		33A2B9E01FEF668900AE7FC5 /* LifeCycleVC.h */ = {isa = PBXFileReference; lastKnownFileType = sourcecode.c.h; path = LifeCycleVC.h; sourceTree = "<group>"; };
		33A2B9E11FEF668900AE7FC5 /* LifeCycleVC.m */ = {isa = PBXFileReference; lastKnownFileType = sourcecode.c.objc; path = LifeCycleVC.m; sourceTree = "<group>"; };
		33A2B9E21FEF668900AE7FC5 /* LifeCycleVC.xib */ = {isa = PBXFileReference; lastKnownFileType = file.xib; path = LifeCycleVC.xib; sourceTree = "<group>"; };
		33A2B9E61FEF702600AE7FC5 /* CustomView.h */ = {isa = PBXFileReference; lastKnownFileType = sourcecode.c.h; path = CustomView.h; sourceTree = "<group>"; };
		33A2B9E71FEF702600AE7FC5 /* CustomView.m */ = {isa = PBXFileReference; lastKnownFileType = sourcecode.c.objc; path = CustomView.m; sourceTree = "<group>"; };
		33A2B9E91FEF704000AE7FC5 /* CustomView.xib */ = {isa = PBXFileReference; lastKnownFileType = file.xib; path = CustomView.xib; sourceTree = "<group>"; };
		33B906C11FF8F05E00921439 /* StackViewVC.h */ = {isa = PBXFileReference; lastKnownFileType = sourcecode.c.h; path = StackViewVC.h; sourceTree = "<group>"; };
		33B906C21FF8F05E00921439 /* StackViewVC.m */ = {isa = PBXFileReference; lastKnownFileType = sourcecode.c.objc; path = StackViewVC.m; sourceTree = "<group>"; };
		33B906C51FF924A100921439 /* SmartLabelTestVC.h */ = {isa = PBXFileReference; lastKnownFileType = sourcecode.c.h; path = SmartLabelTestVC.h; sourceTree = "<group>"; };
		33B906C61FF924A100921439 /* SmartLabelTestVC.m */ = {isa = PBXFileReference; lastKnownFileType = sourcecode.c.objc; path = SmartLabelTestVC.m; sourceTree = "<group>"; };
		33B906C71FF924A100921439 /* SmartLabelTestVC.xib */ = {isa = PBXFileReference; lastKnownFileType = file.xib; path = SmartLabelTestVC.xib; sourceTree = "<group>"; };
		33B906CA1FF9255C00921439 /* SmartLabel.h */ = {isa = PBXFileReference; lastKnownFileType = sourcecode.c.h; path = SmartLabel.h; sourceTree = "<group>"; };
		33B906CB1FF9255C00921439 /* SmartLabel.m */ = {isa = PBXFileReference; lastKnownFileType = sourcecode.c.objc; path = SmartLabel.m; sourceTree = "<group>"; };
		95F775B288BD4C5983843D79 /* libPods-TestTemplateProject.a */ = {isa = PBXFileReference; explicitFileType = archive.ar; includeInIndex = 0; path = "libPods-TestTemplateProject.a"; sourceTree = BUILT_PRODUCTS_DIR; };
		B50394D51EEE71E00016FA97 /* HomePageVC.h */ = {isa = PBXFileReference; fileEncoding = 4; lastKnownFileType = sourcecode.c.h; path = HomePageVC.h; sourceTree = "<group>"; };
		B50394D61EEE71E00016FA97 /* HomePageVC.m */ = {isa = PBXFileReference; fileEncoding = 4; lastKnownFileType = sourcecode.c.objc; path = HomePageVC.m; sourceTree = "<group>"; };
		B50394D71EEE71E00016FA97 /* HomePageVC.xib */ = {isa = PBXFileReference; fileEncoding = 4; lastKnownFileType = file.xib; path = HomePageVC.xib; sourceTree = "<group>"; };
		B51F58081FC326BC00D91A49 /* MJRefresh.bundle */ = {isa = PBXFileReference; lastKnownFileType = "wrapper.plug-in"; path = MJRefresh.bundle; sourceTree = "<group>"; };
		B51F58091FC326BC00D91A49 /* MJRefresh.h */ = {isa = PBXFileReference; fileEncoding = 4; lastKnownFileType = sourcecode.c.h; path = MJRefresh.h; sourceTree = "<group>"; };
		B51F580A1FC326BC00D91A49 /* MJRefreshBaseView.h */ = {isa = PBXFileReference; fileEncoding = 4; lastKnownFileType = sourcecode.c.h; path = MJRefreshBaseView.h; sourceTree = "<group>"; };
		B51F580B1FC326BC00D91A49 /* MJRefreshBaseView.m */ = {isa = PBXFileReference; fileEncoding = 4; lastKnownFileType = sourcecode.c.objc; path = MJRefreshBaseView.m; sourceTree = "<group>"; };
		B51F580C1FC326BC00D91A49 /* MJRefreshConst.h */ = {isa = PBXFileReference; fileEncoding = 4; lastKnownFileType = sourcecode.c.h; path = MJRefreshConst.h; sourceTree = "<group>"; };
		B51F580D1FC326BC00D91A49 /* MJRefreshConst.m */ = {isa = PBXFileReference; fileEncoding = 4; lastKnownFileType = sourcecode.c.objc; path = MJRefreshConst.m; sourceTree = "<group>"; };
		B51F580E1FC326BC00D91A49 /* MJRefreshFooterView.h */ = {isa = PBXFileReference; fileEncoding = 4; lastKnownFileType = sourcecode.c.h; path = MJRefreshFooterView.h; sourceTree = "<group>"; };
		B51F580F1FC326BC00D91A49 /* MJRefreshFooterView.m */ = {isa = PBXFileReference; fileEncoding = 4; lastKnownFileType = sourcecode.c.objc; path = MJRefreshFooterView.m; sourceTree = "<group>"; };
		B51F58101FC326BC00D91A49 /* MJRefreshHeaderView.h */ = {isa = PBXFileReference; fileEncoding = 4; lastKnownFileType = sourcecode.c.h; path = MJRefreshHeaderView.h; sourceTree = "<group>"; };
		B51F58111FC326BC00D91A49 /* MJRefreshHeaderView.m */ = {isa = PBXFileReference; fileEncoding = 4; lastKnownFileType = sourcecode.c.objc; path = MJRefreshHeaderView.m; sourceTree = "<group>"; };
		B51F58121FC326BC00D91A49 /* UIScrollView+Extension.h */ = {isa = PBXFileReference; fileEncoding = 4; lastKnownFileType = sourcecode.c.h; path = "UIScrollView+Extension.h"; sourceTree = "<group>"; };
		B51F58131FC326BC00D91A49 /* UIScrollView+Extension.m */ = {isa = PBXFileReference; fileEncoding = 4; lastKnownFileType = sourcecode.c.objc; path = "UIScrollView+Extension.m"; sourceTree = "<group>"; };
		B51F58141FC326BC00D91A49 /* UIScrollView+MJRefresh.h */ = {isa = PBXFileReference; fileEncoding = 4; lastKnownFileType = sourcecode.c.h; path = "UIScrollView+MJRefresh.h"; sourceTree = "<group>"; };
		B51F58151FC326BC00D91A49 /* UIScrollView+MJRefresh.m */ = {isa = PBXFileReference; fileEncoding = 4; lastKnownFileType = sourcecode.c.objc; path = "UIScrollView+MJRefresh.m"; sourceTree = "<group>"; };
		B51F58161FC326BC00D91A49 /* UIView+Extension.h */ = {isa = PBXFileReference; fileEncoding = 4; lastKnownFileType = sourcecode.c.h; path = "UIView+Extension.h"; sourceTree = "<group>"; };
		B51F58171FC326BC00D91A49 /* UIView+Extension.m */ = {isa = PBXFileReference; fileEncoding = 4; lastKnownFileType = sourcecode.c.objc; path = "UIView+Extension.m"; sourceTree = "<group>"; };
		B54BC7891F7B88BF00C28D16 /* Demo11_3VC.m */ = {isa = PBXFileReference; fileEncoding = 4; lastKnownFileType = sourcecode.c.objc; path = Demo11_3VC.m; sourceTree = "<group>"; };
		B54BC78A1F7B88BF00C28D16 /* Demo11_3VC.xib */ = {isa = PBXFileReference; fileEncoding = 4; lastKnownFileType = file.xib; path = Demo11_3VC.xib; sourceTree = "<group>"; };
		B54BC78B1F7B88BF00C28D16 /* Demo11_3VC.h */ = {isa = PBXFileReference; fileEncoding = 4; lastKnownFileType = sourcecode.c.h; path = Demo11_3VC.h; sourceTree = "<group>"; };
		B56DDC6F1EF0D36A00997B06 /* BNTabBarController.h */ = {isa = PBXFileReference; fileEncoding = 4; lastKnownFileType = sourcecode.c.h; path = BNTabBarController.h; sourceTree = "<group>"; };
		B56DDC701EF0D36A00997B06 /* BNTabBarController.m */ = {isa = PBXFileReference; fileEncoding = 4; lastKnownFileType = sourcecode.c.objc; path = BNTabBarController.m; sourceTree = "<group>"; };
		B56DDC731EF0D5BD00997B06 /* AbsoluteLayoutVC.h */ = {isa = PBXFileReference; fileEncoding = 4; lastKnownFileType = sourcecode.c.h; path = AbsoluteLayoutVC.h; sourceTree = "<group>"; };
		B56DDC741EF0D5BD00997B06 /* AbsoluteLayoutVC.m */ = {isa = PBXFileReference; fileEncoding = 4; lastKnownFileType = sourcecode.c.objc; path = AbsoluteLayoutVC.m; sourceTree = "<group>"; };
		B56DDC751EF0D5BD00997B06 /* AbsoluteLayoutVC.xib */ = {isa = PBXFileReference; fileEncoding = 4; lastKnownFileType = file.xib; path = AbsoluteLayoutVC.xib; sourceTree = "<group>"; };
		B56DDC771EF0D5BD00997B06 /* AutoLayoutVC.h */ = {isa = PBXFileReference; fileEncoding = 4; lastKnownFileType = sourcecode.c.h; path = AutoLayoutVC.h; sourceTree = "<group>"; };
		B56DDC781EF0D5BD00997B06 /* AutoLayoutVC.m */ = {isa = PBXFileReference; fileEncoding = 4; lastKnownFileType = sourcecode.c.objc; path = AutoLayoutVC.m; sourceTree = "<group>"; };
		B56DDC791EF0D5BD00997B06 /* AutoLayoutVC.xib */ = {isa = PBXFileReference; fileEncoding = 4; lastKnownFileType = file.xib; path = AutoLayoutVC.xib; sourceTree = "<group>"; };
		B56DDC7B1EF0D5BD00997B06 /* AutoresizingMaskVC.h */ = {isa = PBXFileReference; fileEncoding = 4; lastKnownFileType = sourcecode.c.h; path = AutoresizingMaskVC.h; sourceTree = "<group>"; };
		B56DDC7C1EF0D5BD00997B06 /* AutoresizingMaskVC.m */ = {isa = PBXFileReference; fileEncoding = 4; lastKnownFileType = sourcecode.c.objc; path = AutoresizingMaskVC.m; sourceTree = "<group>"; };
		B56DDC7D1EF0D5BD00997B06 /* AutoresizingMaskVC.xib */ = {isa = PBXFileReference; fileEncoding = 4; lastKnownFileType = file.xib; path = AutoresizingMaskVC.xib; sourceTree = "<group>"; };
		B56DDCF91EF0D5F900997B06 /* BNNavigationController.h */ = {isa = PBXFileReference; fileEncoding = 4; lastKnownFileType = sourcecode.c.h; path = BNNavigationController.h; sourceTree = "<group>"; };
		B56DDCFA1EF0D5F900997B06 /* BNNavigationController.m */ = {isa = PBXFileReference; fileEncoding = 4; lastKnownFileType = sourcecode.c.objc; path = BNNavigationController.m; sourceTree = "<group>"; };
		B56DDCFE1EF0DB1D00997B06 /* IntrinsicContentSizeVC.h */ = {isa = PBXFileReference; fileEncoding = 4; lastKnownFileType = sourcecode.c.h; path = IntrinsicContentSizeVC.h; sourceTree = "<group>"; };
		B56DDCFF1EF0DB1D00997B06 /* IntrinsicContentSizeVC.m */ = {isa = PBXFileReference; fileEncoding = 4; lastKnownFileType = sourcecode.c.objc; path = IntrinsicContentSizeVC.m; sourceTree = "<group>"; };
		B56DDD001EF0DB1D00997B06 /* IntrinsicContentSizeVC.xib */ = {isa = PBXFileReference; fileEncoding = 4; lastKnownFileType = file.xib; path = IntrinsicContentSizeVC.xib; sourceTree = "<group>"; };
		B56DDD041EF0DC1C00997B06 /* GalleryVC.h */ = {isa = PBXFileReference; fileEncoding = 4; lastKnownFileType = sourcecode.c.h; path = GalleryVC.h; sourceTree = "<group>"; };
		B56DDD051EF0DC1C00997B06 /* GalleryVC.m */ = {isa = PBXFileReference; fileEncoding = 4; lastKnownFileType = sourcecode.c.objc; path = GalleryVC.m; sourceTree = "<group>"; };
		B56DDD061EF0DC1C00997B06 /* GalleryVC.xib */ = {isa = PBXFileReference; fileEncoding = 4; lastKnownFileType = file.xib; path = GalleryVC.xib; sourceTree = "<group>"; };
		B56DDD0B1EF0DD0100997B06 /* AutoLayoutAPIVC.h */ = {isa = PBXFileReference; fileEncoding = 4; lastKnownFileType = sourcecode.c.h; path = AutoLayoutAPIVC.h; sourceTree = "<group>"; };
		B56DDD0C1EF0DD0100997B06 /* AutoLayoutAPIVC.m */ = {isa = PBXFileReference; fileEncoding = 4; lastKnownFileType = sourcecode.c.objc; path = AutoLayoutAPIVC.m; sourceTree = "<group>"; };
		B56DDD0F1EF0DD8600997B06 /* ModifyConstraintVC.h */ = {isa = PBXFileReference; fileEncoding = 4; lastKnownFileType = sourcecode.c.h; path = ModifyConstraintVC.h; sourceTree = "<group>"; };
		B56DDD101EF0DD8600997B06 /* ModifyConstraintVC.m */ = {isa = PBXFileReference; fileEncoding = 4; lastKnownFileType = sourcecode.c.objc; path = ModifyConstraintVC.m; sourceTree = "<group>"; };
		B56DDD111EF0DD8600997B06 /* ModifyConstraintVC.xib */ = {isa = PBXFileReference; fileEncoding = 4; lastKnownFileType = file.xib; path = ModifyConstraintVC.xib; sourceTree = "<group>"; };
		B56DDD151EF0DE4400997B06 /* ScrollViewAutoLayoutVC.h */ = {isa = PBXFileReference; fileEncoding = 4; lastKnownFileType = sourcecode.c.h; path = ScrollViewAutoLayoutVC.h; sourceTree = "<group>"; };
		B56DDD161EF0DE4400997B06 /* ScrollViewAutoLayoutVC.m */ = {isa = PBXFileReference; fileEncoding = 4; lastKnownFileType = sourcecode.c.objc; path = ScrollViewAutoLayoutVC.m; sourceTree = "<group>"; };
		B56DDD171EF0DE4400997B06 /* ScrollViewAutoLayoutVC.xib */ = {isa = PBXFileReference; fileEncoding = 4; lastKnownFileType = file.xib; path = ScrollViewAutoLayoutVC.xib; sourceTree = "<group>"; };
		B56DDD1B1EF0DEB700997B06 /* SizeClassesVC.h */ = {isa = PBXFileReference; fileEncoding = 4; lastKnownFileType = sourcecode.c.h; path = SizeClassesVC.h; sourceTree = "<group>"; };
		B56DDD1C1EF0DEB700997B06 /* SizeClassesVC.m */ = {isa = PBXFileReference; fileEncoding = 4; lastKnownFileType = sourcecode.c.objc; path = SizeClassesVC.m; sourceTree = "<group>"; };
		B56DDD1D1EF0DEB700997B06 /* SizeClassesVC.xib */ = {isa = PBXFileReference; fileEncoding = 4; lastKnownFileType = file.xib; path = SizeClassesVC.xib; sourceTree = "<group>"; };
		B56DDD221EF0E15900997B06 /* StandardAutoLayoutVC.h */ = {isa = PBXFileReference; fileEncoding = 4; lastKnownFileType = sourcecode.c.h; path = StandardAutoLayoutVC.h; sourceTree = "<group>"; };
		B56DDD231EF0E15900997B06 /* StandardAutoLayoutVC.m */ = {isa = PBXFileReference; fileEncoding = 4; lastKnownFileType = sourcecode.c.objc; path = StandardAutoLayoutVC.m; sourceTree = "<group>"; };
		B56DDD241EF0E15900997B06 /* StandardAutoLayoutVC.xib */ = {isa = PBXFileReference; fileEncoding = 4; lastKnownFileType = file.xib; path = StandardAutoLayoutVC.xib; sourceTree = "<group>"; };
		B56DDD281EF0E1A600997B06 /* CustomiseDemoView.h */ = {isa = PBXFileReference; fileEncoding = 4; lastKnownFileType = sourcecode.c.h; path = CustomiseDemoView.h; sourceTree = "<group>"; };
		B56DDD291EF0E1A600997B06 /* CustomiseDemoView.m */ = {isa = PBXFileReference; fileEncoding = 4; lastKnownFileType = sourcecode.c.objc; path = CustomiseDemoView.m; sourceTree = "<group>"; };
		B56DDD2A1EF0E1A600997B06 /* StandardAutoLayoutViewVC.h */ = {isa = PBXFileReference; fileEncoding = 4; lastKnownFileType = sourcecode.c.h; path = StandardAutoLayoutViewVC.h; sourceTree = "<group>"; };
		B56DDD2B1EF0E1A600997B06 /* StandardAutoLayoutViewVC.m */ = {isa = PBXFileReference; fileEncoding = 4; lastKnownFileType = sourcecode.c.objc; path = StandardAutoLayoutViewVC.m; sourceTree = "<group>"; };
		B56DDD2C1EF0E1A600997B06 /* StandardAutoLayoutViewVC.xib */ = {isa = PBXFileReference; fileEncoding = 4; lastKnownFileType = file.xib; path = StandardAutoLayoutViewVC.xib; sourceTree = "<group>"; };
		B56DDD311EF0E25D00997B06 /* MixLayoutVC.h */ = {isa = PBXFileReference; fileEncoding = 4; lastKnownFileType = sourcecode.c.h; path = MixLayoutVC.h; sourceTree = "<group>"; };
		B56DDD321EF0E25D00997B06 /* MixLayoutVC.m */ = {isa = PBXFileReference; fileEncoding = 4; lastKnownFileType = sourcecode.c.objc; path = MixLayoutVC.m; sourceTree = "<group>"; };
		B56DDD331EF0E25D00997B06 /* MixLayoutVC.xib */ = {isa = PBXFileReference; fileEncoding = 4; lastKnownFileType = file.xib; path = MixLayoutVC.xib; sourceTree = "<group>"; };
		B56DDD381EF0E2D000997B06 /* AutoLayoutLabelCell.h */ = {isa = PBXFileReference; fileEncoding = 4; lastKnownFileType = sourcecode.c.h; path = AutoLayoutLabelCell.h; sourceTree = "<group>"; };
		B56DDD391EF0E2D000997B06 /* AutoLayoutLabelCell.m */ = {isa = PBXFileReference; fileEncoding = 4; lastKnownFileType = sourcecode.c.objc; path = AutoLayoutLabelCell.m; sourceTree = "<group>"; };
		B56DDD3A1EF0E2D000997B06 /* AutoLayoutLabelCell.xib */ = {isa = PBXFileReference; fileEncoding = 4; lastKnownFileType = file.xib; path = AutoLayoutLabelCell.xib; sourceTree = "<group>"; };
		B56DDD3B1EF0E2D000997B06 /* AutoLayoutLabelCellVC.h */ = {isa = PBXFileReference; fileEncoding = 4; lastKnownFileType = sourcecode.c.h; path = AutoLayoutLabelCellVC.h; sourceTree = "<group>"; };
		B56DDD3C1EF0E2D000997B06 /* AutoLayoutLabelCellVC.m */ = {isa = PBXFileReference; fileEncoding = 4; lastKnownFileType = sourcecode.c.objc; path = AutoLayoutLabelCellVC.m; sourceTree = "<group>"; };
		B56DDD3D1EF0E2D000997B06 /* AutoLayoutLabelCellVC.xib */ = {isa = PBXFileReference; fileEncoding = 4; lastKnownFileType = file.xib; path = AutoLayoutLabelCellVC.xib; sourceTree = "<group>"; };
		B56DDD3F1EF0E2D000997B06 /* AutoLayoutTextViewCell.h */ = {isa = PBXFileReference; fileEncoding = 4; lastKnownFileType = sourcecode.c.h; path = AutoLayoutTextViewCell.h; sourceTree = "<group>"; };
		B56DDD401EF0E2D000997B06 /* AutoLayoutTextViewCell.m */ = {isa = PBXFileReference; fileEncoding = 4; lastKnownFileType = sourcecode.c.objc; path = AutoLayoutTextViewCell.m; sourceTree = "<group>"; };
		B56DDD411EF0E2D000997B06 /* AutoLayoutTextViewCell.xib */ = {isa = PBXFileReference; fileEncoding = 4; lastKnownFileType = file.xib; path = AutoLayoutTextViewCell.xib; sourceTree = "<group>"; };
		B56DDD421EF0E2D000997B06 /* AutoLayoutTextViewCellVC.h */ = {isa = PBXFileReference; fileEncoding = 4; lastKnownFileType = sourcecode.c.h; path = AutoLayoutTextViewCellVC.h; sourceTree = "<group>"; };
		B56DDD431EF0E2D000997B06 /* AutoLayoutTextViewCellVC.m */ = {isa = PBXFileReference; fileEncoding = 4; lastKnownFileType = sourcecode.c.objc; path = AutoLayoutTextViewCellVC.m; sourceTree = "<group>"; };
		B56DDD441EF0E2D000997B06 /* AutoLayoutTextViewCellVC.xib */ = {isa = PBXFileReference; fileEncoding = 4; lastKnownFileType = file.xib; path = AutoLayoutTextViewCellVC.xib; sourceTree = "<group>"; };
		B56DDD451EF0E2D000997B06 /* CellHeightCalcVC.h */ = {isa = PBXFileReference; fileEncoding = 4; lastKnownFileType = sourcecode.c.h; path = CellHeightCalcVC.h; sourceTree = "<group>"; };
		B56DDD461EF0E2D000997B06 /* CellHeightCalcVC.m */ = {isa = PBXFileReference; fileEncoding = 4; lastKnownFileType = sourcecode.c.objc; path = CellHeightCalcVC.m; sourceTree = "<group>"; };
		B56DDD471EF0E2D000997B06 /* CellHeightCalcVC.xib */ = {isa = PBXFileReference; fileEncoding = 4; lastKnownFileType = file.xib; path = CellHeightCalcVC.xib; sourceTree = "<group>"; };
		B56DDD491EF0E2D000997B06 /* ManualLayoutLabelCell.h */ = {isa = PBXFileReference; fileEncoding = 4; lastKnownFileType = sourcecode.c.h; path = ManualLayoutLabelCell.h; sourceTree = "<group>"; };
		B56DDD4A1EF0E2D000997B06 /* ManualLayoutLabelCell.m */ = {isa = PBXFileReference; fileEncoding = 4; lastKnownFileType = sourcecode.c.objc; path = ManualLayoutLabelCell.m; sourceTree = "<group>"; };
		B56DDD4B1EF0E2D000997B06 /* ManualLayoutLabelCell.xib */ = {isa = PBXFileReference; fileEncoding = 4; lastKnownFileType = file.xib; path = ManualLayoutLabelCell.xib; sourceTree = "<group>"; };
		B56DDD4C1EF0E2D000997B06 /* ManualLayoutLabelCellVC.h */ = {isa = PBXFileReference; fileEncoding = 4; lastKnownFileType = sourcecode.c.h; path = ManualLayoutLabelCellVC.h; sourceTree = "<group>"; };
		B56DDD4D1EF0E2D000997B06 /* ManualLayoutLabelCellVC.m */ = {isa = PBXFileReference; fileEncoding = 4; lastKnownFileType = sourcecode.c.objc; path = ManualLayoutLabelCellVC.m; sourceTree = "<group>"; };
		B56DDD4E1EF0E2D000997B06 /* ManualLayoutLabelCellVC.xib */ = {isa = PBXFileReference; fileEncoding = 4; lastKnownFileType = file.xib; path = ManualLayoutLabelCellVC.xib; sourceTree = "<group>"; };
		B56DDD501EF0E2D000997B06 /* ManualLayoutTextViewCell.h */ = {isa = PBXFileReference; fileEncoding = 4; lastKnownFileType = sourcecode.c.h; path = ManualLayoutTextViewCell.h; sourceTree = "<group>"; };
		B56DDD511EF0E2D000997B06 /* ManualLayoutTextViewCell.m */ = {isa = PBXFileReference; fileEncoding = 4; lastKnownFileType = sourcecode.c.objc; path = ManualLayoutTextViewCell.m; sourceTree = "<group>"; };
		B56DDD521EF0E2D000997B06 /* ManualLayoutTextViewCell.xib */ = {isa = PBXFileReference; fileEncoding = 4; lastKnownFileType = file.xib; path = ManualLayoutTextViewCell.xib; sourceTree = "<group>"; };
		B56DDD531EF0E2D000997B06 /* ManualLayoutTextViewCellVC.h */ = {isa = PBXFileReference; fileEncoding = 4; lastKnownFileType = sourcecode.c.h; path = ManualLayoutTextViewCellVC.h; sourceTree = "<group>"; };
		B56DDD541EF0E2D000997B06 /* ManualLayoutTextViewCellVC.m */ = {isa = PBXFileReference; fileEncoding = 4; lastKnownFileType = sourcecode.c.objc; path = ManualLayoutTextViewCellVC.m; sourceTree = "<group>"; };
		B56DDD551EF0E2D000997B06 /* ManualLayoutTextViewCellVC.xib */ = {isa = PBXFileReference; fileEncoding = 4; lastKnownFileType = file.xib; path = ManualLayoutTextViewCellVC.xib; sourceTree = "<group>"; };
		B56DDD691EF0E33A00997B06 /* Demo11_1VC.h */ = {isa = PBXFileReference; fileEncoding = 4; lastKnownFileType = sourcecode.c.h; path = Demo11_1VC.h; sourceTree = "<group>"; };
		B56DDD6A1EF0E33A00997B06 /* Demo11_1VC.m */ = {isa = PBXFileReference; fileEncoding = 4; lastKnownFileType = sourcecode.c.objc; path = Demo11_1VC.m; sourceTree = "<group>"; };
		B56DDD6B1EF0E33A00997B06 /* Demo11_1VC.xib */ = {isa = PBXFileReference; fileEncoding = 4; lastKnownFileType = file.xib; path = Demo11_1VC.xib; sourceTree = "<group>"; };
		B56DDD6C1EF0E33A00997B06 /* Demo11_2VC.h */ = {isa = PBXFileReference; fileEncoding = 4; lastKnownFileType = sourcecode.c.h; path = Demo11_2VC.h; sourceTree = "<group>"; };
		B56DDD6D1EF0E33A00997B06 /* Demo11_2VC.m */ = {isa = PBXFileReference; fileEncoding = 4; lastKnownFileType = sourcecode.c.objc; path = Demo11_2VC.m; sourceTree = "<group>"; };
		B56DDD6E1EF0E33A00997B06 /* Demo11_2VC.xib */ = {isa = PBXFileReference; fileEncoding = 4; lastKnownFileType = file.xib; path = Demo11_2VC.xib; sourceTree = "<group>"; };
		FD442D1D3C9266CBBB6CB8F6 /* Pods-TestTemplateProject.debug.xcconfig */ = {isa = PBXFileReference; includeInIndex = 1; lastKnownFileType = text.xcconfig; name = "Pods-TestTemplateProject.debug.xcconfig"; path = "Pods/Target Support Files/Pods-TestTemplateProject/Pods-TestTemplateProject.debug.xcconfig"; sourceTree = "<group>"; };
/* End PBXFileReference section */

/* Begin PBXFrameworksBuildPhase section */
		330F7BBA1ED3321F0009280A /* Frameworks */ = {
			isa = PBXFrameworksBuildPhase;
			buildActionMask = 2147483647;
			files = (
				F04A0E1CF6EC69717D56BA71 /* libPods-TestTemplateProject.a in Frameworks */,
			);
			runOnlyForDeploymentPostprocessing = 0;
		};
/* End PBXFrameworksBuildPhase section */

/* Begin PBXGroup section */
		330F7BB41ED3321F0009280A = {
			isa = PBXGroup;
			children = (
				330F7BBF1ED3321F0009280A /* TestTemplateProject */,
				330F7BBE1ED3321F0009280A /* Products */,
				7B8C9382664DA89AC4C34223 /* Pods */,
				BDE61C448897B6B2235B7026 /* Frameworks */,
			);
			sourceTree = "<group>";
		};
		330F7BBE1ED3321F0009280A /* Products */ = {
			isa = PBXGroup;
			children = (
				330F7BBD1ED3321F0009280A /* TestTemplateProject.app */,
			);
			name = Products;
			sourceTree = "<group>";
		};
		330F7BBF1ED3321F0009280A /* TestTemplateProject */ = {
			isa = PBXGroup;
			children = (
				330F7BD81ED333F00009280A /* Sources */,
				330F7BD71ED333F00009280A /* Resources */,
				330F7BF21ED333F00009280A /* Supporting Files */,
			);
			path = TestTemplateProject;
			sourceTree = "<group>";
		};
		330F7BD71ED333F00009280A /* Resources */ = {
			isa = PBXGroup;
			children = (
				330F7C011ED334380009280A /* Assets.xcassets */,
			);
			path = Resources;
			sourceTree = "<group>";
		};
		330F7BD81ED333F00009280A /* Sources */ = {
			isa = PBXGroup;
			children = (
				330F7BE21ED333F00009280A /* Vendor */,
				330F7BE01ED333F00009280A /* Global */,
				33144ED41EF05059006D27AC /* Utilities */,
				330F7BDB1ED333F00009280A /* Category */,
				330F7BEE1ED333F00009280A /* ViewController */,
				330F7BD91ED333F00009280A /* AppDelegate.h */,
				330F7BDA1ED333F00009280A /* AppDelegate.m */,
			);
			path = Sources;
			sourceTree = "<group>";
		};
		330F7BDB1ED333F00009280A /* Category */ = {
			isa = PBXGroup;
			children = (
				33144EF71EF05218006D27AC /* NSString+Size.h */,
				33144EF81EF05218006D27AC /* NSString+Size.m */,
				330F7C0A1ED349AB0009280A /* UIView+Helper.h */,
				330F7C0B1ED349AB0009280A /* UIView+Helper.m */,
			);
			path = Category;
			sourceTree = "<group>";
		};
		330F7BE01ED333F00009280A /* Global */ = {
			isa = PBXGroup;
			children = (
				330F7ECC1ED352250009280A /* PrefixHeader.pch */,
				33144ED11EF04F1D006D27AC /* commonConstDef.h */,
				33144ED31EF04F1D006D27AC /* typedef.h */,
				33144ED21EF04F1D006D27AC /* macrodef.h */,
			);
			path = Global;
			sourceTree = "<group>";
		};
		330F7BE21ED333F00009280A /* Vendor */ = {
			isa = PBXGroup;
			children = (
				B51F58071FC326BC00D91A49 /* 上下拉刷新 */,
				337EEC261EDC3F2C00EDC166 /* DLIntrospection */,
			);
			path = Vendor;
			sourceTree = "<group>";
		};
		330F7BEE1ED333F00009280A /* ViewController */ = {
			isa = PBXGroup;
			children = (
				B50394D51EEE71E00016FA97 /* HomePageVC.h */,
				B50394D61EEE71E00016FA97 /* HomePageVC.m */,
				B50394D71EEE71E00016FA97 /* HomePageVC.xib */,
				B56DDCF81EF0D5F900997B06 /* BNNavigationController */,
				B56DDC6A1EF0D33200997B06 /* BNTabBarController */,
				B56DDC721EF0D5BD00997B06 /* AbsoluteLayoutVC */,
				B56DDC7A1EF0D5BD00997B06 /* AutoresizingMaskVC */,
				B56DDC761EF0D5BD00997B06 /* AutoLayoutVC */,
				B56DDCFD1EF0DB1D00997B06 /* IntrinsicContentSizeVC */,
				B56DDD031EF0DC1C00997B06 /* GalleryVC */,
				B56DDD0A1EF0DD0100997B06 /* AutoLayoutAPIVC */,
				B56DDD0E1EF0DD8600997B06 /* ModifyConstraintVC */,
				B56DDD141EF0DE4400997B06 /* ScrollViewAutoLayoutVC */,
				B56DDD1A1EF0DEB700997B06 /* SizeClassesVC */,
				B56DDD211EF0E15900997B06 /* StandardAutoLayoutVC */,
				B56DDD271EF0E1A600997B06 /* StandardAutoLayoutViewVC */,
				B56DDD301EF0E25D00997B06 /* MixLayoutVC */,
				B56DDD361EF0E2D000997B06 /* CellHeightCalcVC */,
				B56DDD681EF0E33A00997B06 /* ContainerChildVCLayoutVC */,
				335FC7B01FC1F3330004FC53 /* SafeAreaVC */,
				33A2B9D91FEF64A800AE7FC5 /* LifeCycleVC */,
				33B906BE1FF8F04800921439 /* StackViewVC */,
				33B906C41FF9236600921439 /* CustomIntrinsicContentSizeView */,
				33A2B9DA1FEF64A800AE7FC5 /* PlaygroundVC */,
			);
			path = ViewController;
			sourceTree = "<group>";
		};
		330F7BF21ED333F00009280A /* Supporting Files */ = {
			isa = PBXGroup;
			children = (
				330F7BF41ED333F00009280A /* Info.plist */,
				330F7BF51ED333F00009280A /* main.m */,
			);
			path = "Supporting Files";
			sourceTree = "<group>";
		};
		33144ED41EF05059006D27AC /* Utilities */ = {
			isa = PBXGroup;
			children = (
				33144EEB1EF05059006D27AC /* Utility.h */,
				33144EE91EF05059006D27AC /* UIUtils.h */,
				33144EEA1EF05059006D27AC /* UIUtils.mm */,
				334E25231FF8C2D4001B2704 /* AppSystem.h */,
				334E25241FF8C2D4001B2704 /* AppSystem.mm */,
			);
			path = Utilities;
			sourceTree = "<group>";
		};
		335FC7B01FC1F3330004FC53 /* SafeAreaVC */ = {
			isa = PBXGroup;
			children = (
				335FC7B11FC1F3620004FC53 /* SafeAreaVC.h */,
				335FC7B21FC1F3620004FC53 /* SafeAreaVC.m */,
			);
			path = SafeAreaVC;
			sourceTree = "<group>";
		};
		337EEC261EDC3F2C00EDC166 /* DLIntrospection */ = {
			isa = PBXGroup;
			children = (
				337EEC271EDC3F2C00EDC166 /* NSObject+DLIntrospection.h */,
				337EEC281EDC3F2C00EDC166 /* NSObject+DLIntrospection.m */,
			);
			path = DLIntrospection;
			sourceTree = "<group>";
		};
		33A2B9D91FEF64A800AE7FC5 /* LifeCycleVC */ = {
			isa = PBXGroup;
			children = (
				33A2B9E51FEF689800AE7FC5 /* CustomView */,
				33A2B9E01FEF668900AE7FC5 /* LifeCycleVC.h */,
				33A2B9E11FEF668900AE7FC5 /* LifeCycleVC.m */,
				33A2B9E21FEF668900AE7FC5 /* LifeCycleVC.xib */,
			);
			path = LifeCycleVC;
			sourceTree = "<group>";
		};
		33A2B9DA1FEF64A800AE7FC5 /* PlaygroundVC */ = {
			isa = PBXGroup;
			children = (
				33A2B9DB1FEF64A800AE7FC5 /* PlaygroundVC.h */,
				33A2B9DC1FEF64A800AE7FC5 /* PlaygroundVC.m */,
				33A2B9DD1FEF64A800AE7FC5 /* PlaygroundVC.xib */,
			);
			path = PlaygroundVC;
			sourceTree = "<group>";
		};
		33A2B9E51FEF689800AE7FC5 /* CustomView */ = {
			isa = PBXGroup;
			children = (
				33A2B9E61FEF702600AE7FC5 /* CustomView.h */,
				33A2B9E71FEF702600AE7FC5 /* CustomView.m */,
				33A2B9E91FEF704000AE7FC5 /* CustomView.xib */,
			);
			path = CustomView;
			sourceTree = "<group>";
		};
		33B906BE1FF8F04800921439 /* StackViewVC */ = {
			isa = PBXGroup;
			children = (
				33B906C11FF8F05E00921439 /* StackViewVC.h */,
				33B906C21FF8F05E00921439 /* StackViewVC.m */,
			);
			path = StackViewVC;
			sourceTree = "<group>";
		};
		33B906C41FF9236600921439 /* CustomIntrinsicContentSizeView */ = {
			isa = PBXGroup;
			children = (
				33B906C51FF924A100921439 /* SmartLabelTestVC.h */,
				33B906C61FF924A100921439 /* SmartLabelTestVC.m */,
				33B906C71FF924A100921439 /* SmartLabelTestVC.xib */,
				33B906CA1FF9255C00921439 /* SmartLabel.h */,
				33B906CB1FF9255C00921439 /* SmartLabel.m */,
			);
			path = CustomIntrinsicContentSizeView;
			sourceTree = "<group>";
		};
		7B8C9382664DA89AC4C34223 /* Pods */ = {
			isa = PBXGroup;
			children = (
				FD442D1D3C9266CBBB6CB8F6 /* Pods-TestTemplateProject.debug.xcconfig */,
				02C1A1C1B73A8726E4DDD40D /* Pods-TestTemplateProject.release.xcconfig */,
			);
			name = Pods;
			sourceTree = "<group>";
		};
		B51F58071FC326BC00D91A49 /* 上下拉刷新 */ = {
			isa = PBXGroup;
			children = (
				B51F58081FC326BC00D91A49 /* MJRefresh.bundle */,
				B51F58091FC326BC00D91A49 /* MJRefresh.h */,
				B51F580A1FC326BC00D91A49 /* MJRefreshBaseView.h */,
				B51F580B1FC326BC00D91A49 /* MJRefreshBaseView.m */,
				B51F580C1FC326BC00D91A49 /* MJRefreshConst.h */,
				B51F580D1FC326BC00D91A49 /* MJRefreshConst.m */,
				B51F580E1FC326BC00D91A49 /* MJRefreshFooterView.h */,
				B51F580F1FC326BC00D91A49 /* MJRefreshFooterView.m */,
				B51F58101FC326BC00D91A49 /* MJRefreshHeaderView.h */,
				B51F58111FC326BC00D91A49 /* MJRefreshHeaderView.m */,
				B51F58121FC326BC00D91A49 /* UIScrollView+Extension.h */,
				B51F58131FC326BC00D91A49 /* UIScrollView+Extension.m */,
				B51F58141FC326BC00D91A49 /* UIScrollView+MJRefresh.h */,
				B51F58151FC326BC00D91A49 /* UIScrollView+MJRefresh.m */,
				B51F58161FC326BC00D91A49 /* UIView+Extension.h */,
				B51F58171FC326BC00D91A49 /* UIView+Extension.m */,
			);
			path = "上下拉刷新";
			sourceTree = "<group>";
		};
		B56DDC6A1EF0D33200997B06 /* BNTabBarController */ = {
			isa = PBXGroup;
			children = (
				B56DDC6F1EF0D36A00997B06 /* BNTabBarController.h */,
				B56DDC701EF0D36A00997B06 /* BNTabBarController.m */,
			);
			path = BNTabBarController;
			sourceTree = "<group>";
		};
		B56DDC721EF0D5BD00997B06 /* AbsoluteLayoutVC */ = {
			isa = PBXGroup;
			children = (
				B56DDC731EF0D5BD00997B06 /* AbsoluteLayoutVC.h */,
				B56DDC741EF0D5BD00997B06 /* AbsoluteLayoutVC.m */,
				B56DDC751EF0D5BD00997B06 /* AbsoluteLayoutVC.xib */,
			);
			path = AbsoluteLayoutVC;
			sourceTree = "<group>";
		};
		B56DDC761EF0D5BD00997B06 /* AutoLayoutVC */ = {
			isa = PBXGroup;
			children = (
				B56DDC771EF0D5BD00997B06 /* AutoLayoutVC.h */,
				B56DDC781EF0D5BD00997B06 /* AutoLayoutVC.m */,
				B56DDC791EF0D5BD00997B06 /* AutoLayoutVC.xib */,
			);
			path = AutoLayoutVC;
			sourceTree = "<group>";
		};
		B56DDC7A1EF0D5BD00997B06 /* AutoresizingMaskVC */ = {
			isa = PBXGroup;
			children = (
				B56DDC7B1EF0D5BD00997B06 /* AutoresizingMaskVC.h */,
				B56DDC7C1EF0D5BD00997B06 /* AutoresizingMaskVC.m */,
				B56DDC7D1EF0D5BD00997B06 /* AutoresizingMaskVC.xib */,
			);
			path = AutoresizingMaskVC;
			sourceTree = "<group>";
		};
		B56DDCF81EF0D5F900997B06 /* BNNavigationController */ = {
			isa = PBXGroup;
			children = (
				B56DDCF91EF0D5F900997B06 /* BNNavigationController.h */,
				B56DDCFA1EF0D5F900997B06 /* BNNavigationController.m */,
			);
			path = BNNavigationController;
			sourceTree = "<group>";
		};
		B56DDCFD1EF0DB1D00997B06 /* IntrinsicContentSizeVC */ = {
			isa = PBXGroup;
			children = (
				B56DDCFE1EF0DB1D00997B06 /* IntrinsicContentSizeVC.h */,
				B56DDCFF1EF0DB1D00997B06 /* IntrinsicContentSizeVC.m */,
				B56DDD001EF0DB1D00997B06 /* IntrinsicContentSizeVC.xib */,
			);
			path = IntrinsicContentSizeVC;
			sourceTree = "<group>";
		};
		B56DDD031EF0DC1C00997B06 /* GalleryVC */ = {
			isa = PBXGroup;
			children = (
				B56DDD041EF0DC1C00997B06 /* GalleryVC.h */,
				B56DDD051EF0DC1C00997B06 /* GalleryVC.m */,
				B56DDD061EF0DC1C00997B06 /* GalleryVC.xib */,
			);
			path = GalleryVC;
			sourceTree = "<group>";
		};
		B56DDD0A1EF0DD0100997B06 /* AutoLayoutAPIVC */ = {
			isa = PBXGroup;
			children = (
				B56DDD0B1EF0DD0100997B06 /* AutoLayoutAPIVC.h */,
				B56DDD0C1EF0DD0100997B06 /* AutoLayoutAPIVC.m */,
			);
			path = AutoLayoutAPIVC;
			sourceTree = "<group>";
		};
		B56DDD0E1EF0DD8600997B06 /* ModifyConstraintVC */ = {
			isa = PBXGroup;
			children = (
				B56DDD0F1EF0DD8600997B06 /* ModifyConstraintVC.h */,
				B56DDD101EF0DD8600997B06 /* ModifyConstraintVC.m */,
				B56DDD111EF0DD8600997B06 /* ModifyConstraintVC.xib */,
			);
			path = ModifyConstraintVC;
			sourceTree = "<group>";
		};
		B56DDD141EF0DE4400997B06 /* ScrollViewAutoLayoutVC */ = {
			isa = PBXGroup;
			children = (
				B56DDD151EF0DE4400997B06 /* ScrollViewAutoLayoutVC.h */,
				B56DDD161EF0DE4400997B06 /* ScrollViewAutoLayoutVC.m */,
				B56DDD171EF0DE4400997B06 /* ScrollViewAutoLayoutVC.xib */,
			);
			path = ScrollViewAutoLayoutVC;
			sourceTree = "<group>";
		};
		B56DDD1A1EF0DEB700997B06 /* SizeClassesVC */ = {
			isa = PBXGroup;
			children = (
				B56DDD1B1EF0DEB700997B06 /* SizeClassesVC.h */,
				B56DDD1C1EF0DEB700997B06 /* SizeClassesVC.m */,
				B56DDD1D1EF0DEB700997B06 /* SizeClassesVC.xib */,
			);
			path = SizeClassesVC;
			sourceTree = "<group>";
		};
		B56DDD211EF0E15900997B06 /* StandardAutoLayoutVC */ = {
			isa = PBXGroup;
			children = (
				B56DDD221EF0E15900997B06 /* StandardAutoLayoutVC.h */,
				B56DDD231EF0E15900997B06 /* StandardAutoLayoutVC.m */,
				B56DDD241EF0E15900997B06 /* StandardAutoLayoutVC.xib */,
			);
			path = StandardAutoLayoutVC;
			sourceTree = "<group>";
		};
		B56DDD271EF0E1A600997B06 /* StandardAutoLayoutViewVC */ = {
			isa = PBXGroup;
			children = (
				B56DDD281EF0E1A600997B06 /* CustomiseDemoView.h */,
				B56DDD291EF0E1A600997B06 /* CustomiseDemoView.m */,
				B56DDD2A1EF0E1A600997B06 /* StandardAutoLayoutViewVC.h */,
				B56DDD2B1EF0E1A600997B06 /* StandardAutoLayoutViewVC.m */,
				B56DDD2C1EF0E1A600997B06 /* StandardAutoLayoutViewVC.xib */,
			);
			path = StandardAutoLayoutViewVC;
			sourceTree = "<group>";
		};
		B56DDD301EF0E25D00997B06 /* MixLayoutVC */ = {
			isa = PBXGroup;
			children = (
				B56DDD311EF0E25D00997B06 /* MixLayoutVC.h */,
				B56DDD321EF0E25D00997B06 /* MixLayoutVC.m */,
				B56DDD331EF0E25D00997B06 /* MixLayoutVC.xib */,
			);
			path = MixLayoutVC;
			sourceTree = "<group>";
		};
		B56DDD361EF0E2D000997B06 /* CellHeightCalcVC */ = {
			isa = PBXGroup;
			children = (
				B56DDD451EF0E2D000997B06 /* CellHeightCalcVC.h */,
				B56DDD461EF0E2D000997B06 /* CellHeightCalcVC.m */,
				B56DDD471EF0E2D000997B06 /* CellHeightCalcVC.xib */,
				B56DDD371EF0E2D000997B06 /* AutoLayoutLabelCellDemo */,
				B56DDD3E1EF0E2D000997B06 /* AutoLayoutTextViewCellDemo */,
				B56DDD481EF0E2D000997B06 /* ManualLayoutLabelCellDemo */,
				B56DDD4F1EF0E2D000997B06 /* ManualLayoutTextViewCellDemo */,
			);
			path = CellHeightCalcVC;
			sourceTree = "<group>";
		};
		B56DDD371EF0E2D000997B06 /* AutoLayoutLabelCellDemo */ = {
			isa = PBXGroup;
			children = (
				B56DDD381EF0E2D000997B06 /* AutoLayoutLabelCell.h */,
				B56DDD391EF0E2D000997B06 /* AutoLayoutLabelCell.m */,
				B56DDD3A1EF0E2D000997B06 /* AutoLayoutLabelCell.xib */,
				B56DDD3B1EF0E2D000997B06 /* AutoLayoutLabelCellVC.h */,
				B56DDD3C1EF0E2D000997B06 /* AutoLayoutLabelCellVC.m */,
				B56DDD3D1EF0E2D000997B06 /* AutoLayoutLabelCellVC.xib */,
			);
			path = AutoLayoutLabelCellDemo;
			sourceTree = "<group>";
		};
		B56DDD3E1EF0E2D000997B06 /* AutoLayoutTextViewCellDemo */ = {
			isa = PBXGroup;
			children = (
				B56DDD3F1EF0E2D000997B06 /* AutoLayoutTextViewCell.h */,
				B56DDD401EF0E2D000997B06 /* AutoLayoutTextViewCell.m */,
				B56DDD411EF0E2D000997B06 /* AutoLayoutTextViewCell.xib */,
				B56DDD421EF0E2D000997B06 /* AutoLayoutTextViewCellVC.h */,
				B56DDD431EF0E2D000997B06 /* AutoLayoutTextViewCellVC.m */,
				B56DDD441EF0E2D000997B06 /* AutoLayoutTextViewCellVC.xib */,
			);
			path = AutoLayoutTextViewCellDemo;
			sourceTree = "<group>";
		};
		B56DDD481EF0E2D000997B06 /* ManualLayoutLabelCellDemo */ = {
			isa = PBXGroup;
			children = (
				B56DDD491EF0E2D000997B06 /* ManualLayoutLabelCell.h */,
				B56DDD4A1EF0E2D000997B06 /* ManualLayoutLabelCell.m */,
				B56DDD4B1EF0E2D000997B06 /* ManualLayoutLabelCell.xib */,
				B56DDD4C1EF0E2D000997B06 /* ManualLayoutLabelCellVC.h */,
				B56DDD4D1EF0E2D000997B06 /* ManualLayoutLabelCellVC.m */,
				B56DDD4E1EF0E2D000997B06 /* ManualLayoutLabelCellVC.xib */,
			);
			path = ManualLayoutLabelCellDemo;
			sourceTree = "<group>";
		};
		B56DDD4F1EF0E2D000997B06 /* ManualLayoutTextViewCellDemo */ = {
			isa = PBXGroup;
			children = (
				B56DDD501EF0E2D000997B06 /* ManualLayoutTextViewCell.h */,
				B56DDD511EF0E2D000997B06 /* ManualLayoutTextViewCell.m */,
				B56DDD521EF0E2D000997B06 /* ManualLayoutTextViewCell.xib */,
				B56DDD531EF0E2D000997B06 /* ManualLayoutTextViewCellVC.h */,
				B56DDD541EF0E2D000997B06 /* ManualLayoutTextViewCellVC.m */,
				B56DDD551EF0E2D000997B06 /* ManualLayoutTextViewCellVC.xib */,
			);
			path = ManualLayoutTextViewCellDemo;
			sourceTree = "<group>";
		};
		B56DDD681EF0E33A00997B06 /* ContainerChildVCLayoutVC */ = {
			isa = PBXGroup;
			children = (
				B56DDD691EF0E33A00997B06 /* Demo11_1VC.h */,
				B56DDD6A1EF0E33A00997B06 /* Demo11_1VC.m */,
				B56DDD6B1EF0E33A00997B06 /* Demo11_1VC.xib */,
				B56DDD6C1EF0E33A00997B06 /* Demo11_2VC.h */,
				B56DDD6D1EF0E33A00997B06 /* Demo11_2VC.m */,
				B56DDD6E1EF0E33A00997B06 /* Demo11_2VC.xib */,
				B54BC78B1F7B88BF00C28D16 /* Demo11_3VC.h */,
				B54BC7891F7B88BF00C28D16 /* Demo11_3VC.m */,
				B54BC78A1F7B88BF00C28D16 /* Demo11_3VC.xib */,
			);
			path = ContainerChildVCLayoutVC;
			sourceTree = "<group>";
		};
		BDE61C448897B6B2235B7026 /* Frameworks */ = {
			isa = PBXGroup;
			children = (
				95F775B288BD4C5983843D79 /* libPods-TestTemplateProject.a */,
			);
			name = Frameworks;
			sourceTree = "<group>";
		};
/* End PBXGroup section */

/* Begin PBXNativeTarget section */
		330F7BBC1ED3321F0009280A /* TestTemplateProject */ = {
			isa = PBXNativeTarget;
			buildConfigurationList = 330F7BD41ED3321F0009280A /* Build configuration list for PBXNativeTarget "TestTemplateProject" */;
			buildPhases = (
				724050D54FBF3A2429F8CEBD /* [CP] Check Pods Manifest.lock */,
				330F7BB91ED3321F0009280A /* Sources */,
				330F7BBA1ED3321F0009280A /* Frameworks */,
				330F7BBB1ED3321F0009280A /* Resources */,
				C27CAAA544DDF917960DC336 /* [CP] Embed Pods Frameworks */,
				6C9ED2CBD5C34C5D6A763A3A /* [CP] Copy Pods Resources */,
			);
			buildRules = (
			);
			dependencies = (
			);
			name = TestTemplateProject;
			productName = TestTemplateProject;
			productReference = 330F7BBD1ED3321F0009280A /* TestTemplateProject.app */;
			productType = "com.apple.product-type.application";
		};
/* End PBXNativeTarget section */

/* Begin PBXProject section */
		330F7BB51ED3321F0009280A /* Project object */ = {
			isa = PBXProject;
			attributes = {
				LastUpgradeCheck = 0920;
				ORGANIZATIONNAME = iOSStudio;
				TargetAttributes = {
					330F7BBC1ED3321F0009280A = {
						CreatedOnToolsVersion = 8.3.2;
						ProvisioningStyle = Manual;
					};
				};
			};
			buildConfigurationList = 330F7BB81ED3321F0009280A /* Build configuration list for PBXProject "TestTemplateProject" */;
			compatibilityVersion = "Xcode 3.2";
			developmentRegion = English;
			hasScannedForEncodings = 0;
			knownRegions = (
				en,
				Base,
			);
			mainGroup = 330F7BB41ED3321F0009280A;
			productRefGroup = 330F7BBE1ED3321F0009280A /* Products */;
			projectDirPath = "";
			projectRoot = "";
			targets = (
				330F7BBC1ED3321F0009280A /* TestTemplateProject */,
			);
		};
/* End PBXProject section */

/* Begin PBXResourcesBuildPhase section */
		330F7BBB1ED3321F0009280A /* Resources */ = {
			isa = PBXResourcesBuildPhase;
			buildActionMask = 2147483647;
			files = (
				B56DDD191EF0DE4400997B06 /* ScrollViewAutoLayoutVC.xib in Resources */,
				B56DDD351EF0E25D00997B06 /* MixLayoutVC.xib in Resources */,
				B56DDD5F1EF0E2D000997B06 /* CellHeightCalcVC.xib in Resources */,
				B56DDD2F1EF0E1A600997B06 /* StandardAutoLayoutViewVC.xib in Resources */,
				B56DDD671EF0E2D000997B06 /* ManualLayoutTextViewCellVC.xib in Resources */,
				B56DDD021EF0DB1D00997B06 /* IntrinsicContentSizeVC.xib in Resources */,
				B56DDD261EF0E15900997B06 /* StandardAutoLayoutVC.xib in Resources */,
				B56DDD701EF0E33A00997B06 /* Demo11_1VC.xib in Resources */,
				B56DDD631EF0E2D000997B06 /* ManualLayoutLabelCellVC.xib in Resources */,
				B56DDD081EF0DC1C00997B06 /* GalleryVC.xib in Resources */,
				B56DDCCF1EF0D5BD00997B06 /* AutoresizingMaskVC.xib in Resources */,
				B56DDD131EF0DD8600997B06 /* ModifyConstraintVC.xib in Resources */,
				B50394D91EEE71E00016FA97 /* HomePageVC.xib in Resources */,
				33B906C91FF924A100921439 /* SmartLabelTestVC.xib in Resources */,
				33A2B9E41FEF668900AE7FC5 /* LifeCycleVC.xib in Resources */,
				B56DDD721EF0E33A00997B06 /* Demo11_2VC.xib in Resources */,
				B56DDCCD1EF0D5BD00997B06 /* AutoLayoutVC.xib in Resources */,
				B56DDD591EF0E2D000997B06 /* AutoLayoutLabelCellVC.xib in Resources */,
				33A2B9EA1FEF704000AE7FC5 /* CustomView.xib in Resources */,
				33A2B9DF1FEF64A800AE7FC5 /* PlaygroundVC.xib in Resources */,
				B56DDD5B1EF0E2D000997B06 /* AutoLayoutTextViewCell.xib in Resources */,
				B51F58181FC326BC00D91A49 /* MJRefresh.bundle in Resources */,
				B56DDD611EF0E2D000997B06 /* ManualLayoutLabelCell.xib in Resources */,
				B56DDD571EF0E2D000997B06 /* AutoLayoutLabelCell.xib in Resources */,
				B56DDD651EF0E2D000997B06 /* ManualLayoutTextViewCell.xib in Resources */,
				B56DDD1F1EF0DEB700997B06 /* SizeClassesVC.xib in Resources */,
				B56DDD5D1EF0E2D000997B06 /* AutoLayoutTextViewCellVC.xib in Resources */,
				B54BC78D1F7B88C000C28D16 /* Demo11_3VC.xib in Resources */,
				330F7C021ED334380009280A /* Assets.xcassets in Resources */,
				B56DDCCB1EF0D5BD00997B06 /* AbsoluteLayoutVC.xib in Resources */,
			);
			runOnlyForDeploymentPostprocessing = 0;
		};
/* End PBXResourcesBuildPhase section */

/* Begin PBXShellScriptBuildPhase section */
		6C9ED2CBD5C34C5D6A763A3A /* [CP] Copy Pods Resources */ = {
			isa = PBXShellScriptBuildPhase;
			buildActionMask = 2147483647;
			files = (
			);
			inputPaths = (
			);
			name = "[CP] Copy Pods Resources";
			outputPaths = (
			);
			runOnlyForDeploymentPostprocessing = 0;
			shellPath = /bin/sh;
			shellScript = "\"${SRCROOT}/Pods/Target Support Files/Pods-TestTemplateProject/Pods-TestTemplateProject-resources.sh\"\n";
			showEnvVarsInLog = 0;
		};
		724050D54FBF3A2429F8CEBD /* [CP] Check Pods Manifest.lock */ = {
			isa = PBXShellScriptBuildPhase;
			buildActionMask = 2147483647;
			files = (
			);
			inputPaths = (
			);
			name = "[CP] Check Pods Manifest.lock";
			outputPaths = (
			);
			runOnlyForDeploymentPostprocessing = 0;
			shellPath = /bin/sh;
			shellScript = "diff \"${PODS_PODFILE_DIR_PATH}/Podfile.lock\" \"${PODS_ROOT}/Manifest.lock\" > /dev/null\nif [ $? != 0 ] ; then\n    # print error to STDERR\n    echo \"error: The sandbox is not in sync with the Podfile.lock. Run 'pod install' or update your CocoaPods installation.\" >&2\n    exit 1\nfi\n";
			showEnvVarsInLog = 0;
		};
		C27CAAA544DDF917960DC336 /* [CP] Embed Pods Frameworks */ = {
			isa = PBXShellScriptBuildPhase;
			buildActionMask = 2147483647;
			files = (
			);
			inputPaths = (
			);
			name = "[CP] Embed Pods Frameworks";
			outputPaths = (
			);
			runOnlyForDeploymentPostprocessing = 0;
			shellPath = /bin/sh;
			shellScript = "\"${SRCROOT}/Pods/Target Support Files/Pods-TestTemplateProject/Pods-TestTemplateProject-frameworks.sh\"\n";
			showEnvVarsInLog = 0;
		};
/* End PBXShellScriptBuildPhase section */

/* Begin PBXSourcesBuildPhase section */
		330F7BB91ED3321F0009280A /* Sources */ = {
			isa = PBXSourcesBuildPhase;
			buildActionMask = 2147483647;
			files = (
				B56DDCFB1EF0D5F900997B06 /* BNNavigationController.m in Sources */,
				33144EF91EF05218006D27AC /* NSString+Size.m in Sources */,
				B56DDD181EF0DE4400997B06 /* ScrollViewAutoLayoutVC.m in Sources */,
				B51F581B1FC326BC00D91A49 /* MJRefreshFooterView.m in Sources */,
				B56DDD2E1EF0E1A600997B06 /* StandardAutoLayoutViewVC.m in Sources */,
				33A2B9E81FEF702600AE7FC5 /* CustomView.m in Sources */,
				B56DDD1E1EF0DEB700997B06 /* SizeClassesVC.m in Sources */,
				B56DDD011EF0DB1D00997B06 /* IntrinsicContentSizeVC.m in Sources */,
				33144EF61EF05059006D27AC /* UIUtils.mm in Sources */,
				33B906C81FF924A100921439 /* SmartLabelTestVC.m in Sources */,
				B56DDD621EF0E2D000997B06 /* ManualLayoutLabelCellVC.m in Sources */,
				B56DDD561EF0E2D000997B06 /* AutoLayoutLabelCell.m in Sources */,
				B56DDD251EF0E15900997B06 /* StandardAutoLayoutVC.m in Sources */,
				334E25251FF8C2D4001B2704 /* AppSystem.mm in Sources */,
				B56DDD5C1EF0E2D000997B06 /* AutoLayoutTextViewCellVC.m in Sources */,
				B56DDD5E1EF0E2D000997B06 /* CellHeightCalcVC.m in Sources */,
				B56DDD661EF0E2D000997B06 /* ManualLayoutTextViewCellVC.m in Sources */,
				B51F581D1FC326BC00D91A49 /* UIScrollView+Extension.m in Sources */,
				B56DDD601EF0E2D000997B06 /* ManualLayoutLabelCell.m in Sources */,
				B56DDD071EF0DC1C00997B06 /* GalleryVC.m in Sources */,
				B56DDD5A1EF0E2D000997B06 /* AutoLayoutTextViewCell.m in Sources */,
				B56DDCCE1EF0D5BD00997B06 /* AutoresizingMaskVC.m in Sources */,
				B56DDD0D1EF0DD0100997B06 /* AutoLayoutAPIVC.m in Sources */,
				B56DDD2D1EF0E1A600997B06 /* CustomiseDemoView.m in Sources */,
				B50394D81EEE71E00016FA97 /* HomePageVC.m in Sources */,
				335FC7B31FC1F3620004FC53 /* SafeAreaVC.m in Sources */,
				B51F581A1FC326BC00D91A49 /* MJRefreshConst.m in Sources */,
				B51F581F1FC326BC00D91A49 /* UIView+Extension.m in Sources */,
				33A2B9E31FEF668900AE7FC5 /* LifeCycleVC.m in Sources */,
				B56DDD6F1EF0E33A00997B06 /* Demo11_1VC.m in Sources */,
				33B906C31FF8F05E00921439 /* StackViewVC.m in Sources */,
				B51F58191FC326BC00D91A49 /* MJRefreshBaseView.m in Sources */,
				B51F581C1FC326BC00D91A49 /* MJRefreshHeaderView.m in Sources */,
				B56DDD711EF0E33A00997B06 /* Demo11_2VC.m in Sources */,
				B56DDD581EF0E2D000997B06 /* AutoLayoutLabelCellVC.m in Sources */,
				B56DDD341EF0E25D00997B06 /* MixLayoutVC.m in Sources */,
				33A2B9DE1FEF64A800AE7FC5 /* PlaygroundVC.m in Sources */,
				330F7BF61ED333F00009280A /* AppDelegate.m in Sources */,
				33B906CC1FF9255C00921439 /* SmartLabel.m in Sources */,
				B51F581E1FC326BC00D91A49 /* UIScrollView+MJRefresh.m in Sources */,
				B56DDD641EF0E2D000997B06 /* ManualLayoutTextViewCell.m in Sources */,
				B54BC78C1F7B88C000C28D16 /* Demo11_3VC.m in Sources */,
				330F7C0D1ED349AB0009280A /* UIView+Helper.m in Sources */,
				330F7C001ED333F00009280A /* main.m in Sources */,
				337EEC291EDC3F2C00EDC166 /* NSObject+DLIntrospection.m in Sources */,
				B56DDCCC1EF0D5BD00997B06 /* AutoLayoutVC.m in Sources */,
				B56DDD121EF0DD8600997B06 /* ModifyConstraintVC.m in Sources */,
				B56DDC711EF0D36A00997B06 /* BNTabBarController.m in Sources */,
				B56DDCCA1EF0D5BD00997B06 /* AbsoluteLayoutVC.m in Sources */,
			);
			runOnlyForDeploymentPostprocessing = 0;
		};
/* End PBXSourcesBuildPhase section */

/* Begin XCBuildConfiguration section */
		330F7BD21ED3321F0009280A /* Debug */ = {
			isa = XCBuildConfiguration;
			buildSettings = {
				ALWAYS_SEARCH_USER_PATHS = NO;
				CLANG_ANALYZER_NONNULL = YES;
				CLANG_ANALYZER_NUMBER_OBJECT_CONVERSION = YES_AGGRESSIVE;
				CLANG_CXX_LANGUAGE_STANDARD = "gnu++0x";
				CLANG_CXX_LIBRARY = "libc++";
				CLANG_ENABLE_MODULES = YES;
				CLANG_ENABLE_OBJC_ARC = YES;
				CLANG_WARN_BLOCK_CAPTURE_AUTORELEASING = YES;
				CLANG_WARN_BOOL_CONVERSION = YES;
				CLANG_WARN_COMMA = YES;
				CLANG_WARN_CONSTANT_CONVERSION = YES;
				CLANG_WARN_DIRECT_OBJC_ISA_USAGE = YES_ERROR;
				CLANG_WARN_DOCUMENTATION_COMMENTS = YES;
				CLANG_WARN_EMPTY_BODY = YES;
				CLANG_WARN_ENUM_CONVERSION = YES;
				CLANG_WARN_INFINITE_RECURSION = YES;
				CLANG_WARN_INT_CONVERSION = YES;
				CLANG_WARN_NON_LITERAL_NULL_CONVERSION = YES;
				CLANG_WARN_OBJC_LITERAL_CONVERSION = YES;
				CLANG_WARN_OBJC_ROOT_CLASS = YES_ERROR;
				CLANG_WARN_RANGE_LOOP_ANALYSIS = YES;
				CLANG_WARN_STRICT_PROTOTYPES = YES;
				CLANG_WARN_SUSPICIOUS_MOVE = YES;
				CLANG_WARN_UNREACHABLE_CODE = YES;
				CLANG_WARN__DUPLICATE_METHOD_MATCH = YES;
				"CODE_SIGN_IDENTITY[sdk=iphoneos*]" = "iPhone Developer";
				COPY_PHASE_STRIP = NO;
				DEBUG_INFORMATION_FORMAT = dwarf;
				ENABLE_STRICT_OBJC_MSGSEND = YES;
				ENABLE_TESTABILITY = YES;
				GCC_C_LANGUAGE_STANDARD = gnu99;
				GCC_DYNAMIC_NO_PIC = NO;
				GCC_NO_COMMON_BLOCKS = YES;
				GCC_OPTIMIZATION_LEVEL = 0;
				GCC_PREPROCESSOR_DEFINITIONS = (
					"DEBUG=1",
					"$(inherited)",
				);
				GCC_WARN_64_TO_32_BIT_CONVERSION = YES;
				GCC_WARN_ABOUT_RETURN_TYPE = YES_ERROR;
				GCC_WARN_UNDECLARED_SELECTOR = YES;
				GCC_WARN_UNINITIALIZED_AUTOS = YES_AGGRESSIVE;
				GCC_WARN_UNUSED_FUNCTION = YES;
				GCC_WARN_UNUSED_VARIABLE = YES;
				IPHONEOS_DEPLOYMENT_TARGET = 8.0;
				MTL_ENABLE_DEBUG_INFO = YES;
				ONLY_ACTIVE_ARCH = YES;
				SDKROOT = iphoneos;
			};
			name = Debug;
		};
		330F7BD31ED3321F0009280A /* Release */ = {
			isa = XCBuildConfiguration;
			buildSettings = {
				ALWAYS_SEARCH_USER_PATHS = NO;
				CLANG_ANALYZER_NONNULL = YES;
				CLANG_ANALYZER_NUMBER_OBJECT_CONVERSION = YES_AGGRESSIVE;
				CLANG_CXX_LANGUAGE_STANDARD = "gnu++0x";
				CLANG_CXX_LIBRARY = "libc++";
				CLANG_ENABLE_MODULES = YES;
				CLANG_ENABLE_OBJC_ARC = YES;
				CLANG_WARN_BLOCK_CAPTURE_AUTORELEASING = YES;
				CLANG_WARN_BOOL_CONVERSION = YES;
				CLANG_WARN_COMMA = YES;
				CLANG_WARN_CONSTANT_CONVERSION = YES;
				CLANG_WARN_DIRECT_OBJC_ISA_USAGE = YES_ERROR;
				CLANG_WARN_DOCUMENTATION_COMMENTS = YES;
				CLANG_WARN_EMPTY_BODY = YES;
				CLANG_WARN_ENUM_CONVERSION = YES;
				CLANG_WARN_INFINITE_RECURSION = YES;
				CLANG_WARN_INT_CONVERSION = YES;
				CLANG_WARN_NON_LITERAL_NULL_CONVERSION = YES;
				CLANG_WARN_OBJC_LITERAL_CONVERSION = YES;
				CLANG_WARN_OBJC_ROOT_CLASS = YES_ERROR;
				CLANG_WARN_RANGE_LOOP_ANALYSIS = YES;
				CLANG_WARN_STRICT_PROTOTYPES = YES;
				CLANG_WARN_SUSPICIOUS_MOVE = YES;
				CLANG_WARN_UNREACHABLE_CODE = YES;
				CLANG_WARN__DUPLICATE_METHOD_MATCH = YES;
				"CODE_SIGN_IDENTITY[sdk=iphoneos*]" = "iPhone Developer";
				COPY_PHASE_STRIP = NO;
				DEBUG_INFORMATION_FORMAT = "dwarf-with-dsym";
				ENABLE_NS_ASSERTIONS = NO;
				ENABLE_STRICT_OBJC_MSGSEND = YES;
				GCC_C_LANGUAGE_STANDARD = gnu99;
				GCC_NO_COMMON_BLOCKS = YES;
				GCC_WARN_64_TO_32_BIT_CONVERSION = YES;
				GCC_WARN_ABOUT_RETURN_TYPE = YES_ERROR;
				GCC_WARN_UNDECLARED_SELECTOR = YES;
				GCC_WARN_UNINITIALIZED_AUTOS = YES_AGGRESSIVE;
				GCC_WARN_UNUSED_FUNCTION = YES;
				GCC_WARN_UNUSED_VARIABLE = YES;
				IPHONEOS_DEPLOYMENT_TARGET = 8.0;
				MTL_ENABLE_DEBUG_INFO = NO;
				SDKROOT = iphoneos;
				VALIDATE_PRODUCT = YES;
			};
			name = Release;
		};
		330F7BD51ED3321F0009280A /* Debug */ = {
			isa = XCBuildConfiguration;
			baseConfigurationReference = FD442D1D3C9266CBBB6CB8F6 /* Pods-TestTemplateProject.debug.xcconfig */;
			buildSettings = {
				ASSETCATALOG_COMPILER_APPICON_NAME = AppIcon;
				ASSETCATALOG_COMPILER_LAUNCHIMAGE_NAME = LaunchImage;
				DEVELOPMENT_TEAM = "";
				ENABLE_STRICT_OBJC_MSGSEND = NO;
				GCC_PRECOMPILE_PREFIX_HEADER = YES;
				GCC_PREFIX_HEADER = TestTemplateProject/Sources/Global/PrefixHeader.pch;
				GCC_WARN_ABOUT_DEPRECATED_FUNCTIONS = NO;
				HEADER_SEARCH_PATHS = "";
				INFOPLIST_FILE = "TestTemplateProject/Supporting Files/Info.plist";
				LD_RUNPATH_SEARCH_PATHS = "$(inherited) @executable_path/Frameworks";
				PRODUCT_BUNDLE_IDENTIFIER = iOSStudio.TestTemplateProject;
				PRODUCT_NAME = "$(TARGET_NAME)";
				PROVISIONING_PROFILE_SPECIFIER = "";
				TARGETED_DEVICE_FAMILY = "1,2";
				USER_HEADER_SEARCH_PATHS = "";
			};
			name = Debug;
		};
		330F7BD61ED3321F0009280A /* Release */ = {
			isa = XCBuildConfiguration;
			baseConfigurationReference = 02C1A1C1B73A8726E4DDD40D /* Pods-TestTemplateProject.release.xcconfig */;
			buildSettings = {
				ASSETCATALOG_COMPILER_APPICON_NAME = AppIcon;
				ASSETCATALOG_COMPILER_LAUNCHIMAGE_NAME = LaunchImage;
				DEVELOPMENT_TEAM = "";
				ENABLE_STRICT_OBJC_MSGSEND = NO;
				GCC_PRECOMPILE_PREFIX_HEADER = YES;
				GCC_PREFIX_HEADER = TestTemplateProject/Sources/Global/PrefixHeader.pch;
				GCC_WARN_ABOUT_DEPRECATED_FUNCTIONS = NO;
				HEADER_SEARCH_PATHS = "";
				INFOPLIST_FILE = "TestTemplateProject/Supporting Files/Info.plist";
				LD_RUNPATH_SEARCH_PATHS = "$(inherited) @executable_path/Frameworks";
				PRODUCT_BUNDLE_IDENTIFIER = iOSStudio.TestTemplateProject;
				PRODUCT_NAME = "$(TARGET_NAME)";
				PROVISIONING_PROFILE_SPECIFIER = "";
				TARGETED_DEVICE_FAMILY = "1,2";
				USER_HEADER_SEARCH_PATHS = "";
			};
			name = Release;
		};
/* End XCBuildConfiguration section */

/* Begin XCConfigurationList section */
		330F7BB81ED3321F0009280A /* Build configuration list for PBXProject "TestTemplateProject" */ = {
			isa = XCConfigurationList;
			buildConfigurations = (
				330F7BD21ED3321F0009280A /* Debug */,
				330F7BD31ED3321F0009280A /* Release */,
			);
			defaultConfigurationIsVisible = 0;
			defaultConfigurationName = Release;
		};
		330F7BD41ED3321F0009280A /* Build configuration list for PBXNativeTarget "TestTemplateProject" */ = {
			isa = XCConfigurationList;
			buildConfigurations = (
				330F7BD51ED3321F0009280A /* Debug */,
				330F7BD61ED3321F0009280A /* Release */,
			);
			defaultConfigurationIsVisible = 0;
			defaultConfigurationName = Release;
		};
/* End XCConfigurationList section */
	};
	rootObject = 330F7BB51ED3321F0009280A /* Project object */;
}
